
Microsoft Visual Studio Solution File, Format Version 12.00
# Visual Studio Version 16
VisualStudioVersion = 16.0.30128.74
MinimumVisualStudioVersion = 10.0.40219.1
Project("{9A19103F-16F7-4668-BE54-9A1E7A4F7556}") = "VoltstroEngineLauncher", "VoltstroEngineLauncher\VoltstroEngineLauncher.csproj", "{83E664BD-06F4-47AB-9859-5766206C9F4E}"
EndProject
Project("{9A19103F-16F7-4668-BE54-9A1E7A4F7556}") = "VoltstroEngine", "VoltstroEngine\VoltstroEngine.csproj", "{FAC6EC38-6B10-410B-8DD5-12F973DF7888}"
EndProject
Project("{9A19103F-16F7-4668-BE54-9A1E7A4F7556}") = "Sandbox", "Sandbox\Sandbox.csproj", "{77345F96-41BC-48A7-AF2E-31FB7656C58D}"
EndProject
Project("{2150E333-8FDC-42A3-9474-1A3956D46DE8}") = "Dependencies", "Dependencies", "{A7EAA04C-6E4E-4F76-9343-4F5018625CF7}"
EndProject
Project("{9A19103F-16F7-4668-BE54-9A1E7A4F7556}") = "GLFW.NET", "ThirdParty\glfw-net\GLFW.NET\GLFW.NET.csproj", "{D2BE0D77-D1FD-4585-B872-274CCFDE80D0}"
EndProject
Project("{2150E333-8FDC-42A3-9474-1A3956D46DE8}") = "Tests", "Tests", "{F4B66292-ED40-4651-81BA-E75EF1C5C0C3}"
EndProject
Project("{9A19103F-16F7-4668-BE54-9A1E7A4F7556}") = "VoltstroEngine.Imaging", "VoltstroEngine.Imaging\VoltstroEngine.Imaging.csproj", "{70E3BDF8-0ACD-4E20-BC6B-E2730CE468D0}"
EndProject
Project("{9A19103F-16F7-4668-BE54-9A1E7A4F7556}") = "StbImageSharp", "ThirdParty\StbImageSharp\src\StbImageSharp.csproj", "{480F50CE-E337-4B80-9796-8F270C715120}"
EndProject
Project("{2150E333-8FDC-42A3-9474-1A3956D46DE8}") = "Examples", "Examples", "{5FD07E7D-97E4-4668-B960-CF0DC628751A}"
EndProject
Project("{FAE04EC0-301F-11D3-BF4B-00C04F79EFBC}") = "DiscordRPCExample", "Examples\DiscordRPCExample\DiscordRPCExample.csproj", "{AB1C29B9-E1CB-4F13-A62F-EE89CA4AC034}"
EndProject
Global
	GlobalSection(SolutionConfigurationPlatforms) = preSolution
		Debug|x64 = Debug|x64
		Release|x64 = Release|x64
	EndGlobalSection
	GlobalSection(ProjectConfigurationPlatforms) = postSolution
		{83E664BD-06F4-47AB-9859-5766206C9F4E}.Debug|x64.ActiveCfg = Debug|x64
		{83E664BD-06F4-47AB-9859-5766206C9F4E}.Debug|x64.Build.0 = Debug|x64
		{83E664BD-06F4-47AB-9859-5766206C9F4E}.Release|x64.ActiveCfg = Release|x64
		{83E664BD-06F4-47AB-9859-5766206C9F4E}.Release|x64.Build.0 = Release|x64
		{FAC6EC38-6B10-410B-8DD5-12F973DF7888}.Debug|x64.ActiveCfg = Debug|x64
		{FAC6EC38-6B10-410B-8DD5-12F973DF7888}.Debug|x64.Build.0 = Debug|x64
		{FAC6EC38-6B10-410B-8DD5-12F973DF7888}.Release|x64.ActiveCfg = Release|x64
		{FAC6EC38-6B10-410B-8DD5-12F973DF7888}.Release|x64.Build.0 = Release|x64
		{77345F96-41BC-48A7-AF2E-31FB7656C58D}.Debug|x64.ActiveCfg = Debug|x64
		{77345F96-41BC-48A7-AF2E-31FB7656C58D}.Debug|x64.Build.0 = Debug|x64
		{77345F96-41BC-48A7-AF2E-31FB7656C58D}.Release|x64.ActiveCfg = Release|x64
		{77345F96-41BC-48A7-AF2E-31FB7656C58D}.Release|x64.Build.0 = Release|x64
		{D2BE0D77-D1FD-4585-B872-274CCFDE80D0}.Debug|x64.ActiveCfg = Debug|x64
		{D2BE0D77-D1FD-4585-B872-274CCFDE80D0}.Debug|x64.Build.0 = Debug|x64
		{D2BE0D77-D1FD-4585-B872-274CCFDE80D0}.Release|x64.ActiveCfg = Release|x64
		{D2BE0D77-D1FD-4585-B872-274CCFDE80D0}.Release|x64.Build.0 = Release|x64
		{70E3BDF8-0ACD-4E20-BC6B-E2730CE468D0}.Debug|x64.ActiveCfg = Debug|x64
		{70E3BDF8-0ACD-4E20-BC6B-E2730CE468D0}.Debug|x64.Build.0 = Debug|x64
		{70E3BDF8-0ACD-4E20-BC6B-E2730CE468D0}.Release|x64.ActiveCfg = Release|x64
		{70E3BDF8-0ACD-4E20-BC6B-E2730CE468D0}.Release|x64.Build.0 = Release|x64
		{480F50CE-E337-4B80-9796-8F270C715120}.Debug|x64.ActiveCfg = Debug|x64
		{480F50CE-E337-4B80-9796-8F270C715120}.Debug|x64.Build.0 = Debug|x64
		{480F50CE-E337-4B80-9796-8F270C715120}.Release|x64.ActiveCfg = Release|x64
		{480F50CE-E337-4B80-9796-8F270C715120}.Release|x64.Build.0 = Release|x64
		{AB1C29B9-E1CB-4F13-A62F-EE89CA4AC034}.Debug|x64.ActiveCfg = Debug|x64
		{AB1C29B9-E1CB-4F13-A62F-EE89CA4AC034}.Debug|x64.Build.0 = Debug|x64
		{AB1C29B9-E1CB-4F13-A62F-EE89CA4AC034}.Release|x64.ActiveCfg = Release|x64
		{AB1C29B9-E1CB-4F13-A62F-EE89CA4AC034}.Release|x64.Build.0 = Release|x64
	EndGlobalSection
	GlobalSection(SolutionProperties) = preSolution
		HideSolutionNode = FALSE
	EndGlobalSection
	GlobalSection(NestedProjects) = preSolution
		{D2BE0D77-D1FD-4585-B872-274CCFDE80D0} = {A7EAA04C-6E4E-4F76-9343-4F5018625CF7}
		{480F50CE-E337-4B80-9796-8F270C715120} = {A7EAA04C-6E4E-4F76-9343-4F5018625CF7}
		{AB1C29B9-E1CB-4F13-A62F-EE89CA4AC034} = {5FD07E7D-97E4-4668-B960-CF0DC628751A}
	EndGlobalSection
	GlobalSection(ExtensibilityGlobals) = postSolution
		SolutionGuid = {4C60704E-4B00-40A0-8798-F24EBB9A9C46}
	EndGlobalSection
EndGlobal
